
Microsoft Visual Studio Solution File, Format Version 12.00
# Visual Studio 15
VisualStudioVersion = 15.0.28010.2019
MinimumVisualStudioVersion = 10.0.40219.1
Project("{FAE04EC0-301F-11D3-BF4B-00C04F79EFBC}") = "AlgorithmCoded", "AlgorithmCoded\AlgorithmCoded.csproj", "{0FC337D7-D04F-4E75-AC2D-95454C3DAE75}"
EndProject
Global
	GlobalSection(SolutionConfigurationPlatforms) = preSolution
		Debug|Any CPU = Debug|Any CPU
		Release|Any CPU = Release|Any CPU
	EndGlobalSection
	GlobalSection(ProjectConfigurationPlatforms) = postSolution
		{0FC337D7-D04F-4E75-AC2D-95454C3DAE75}.Debug|Any CPU.ActiveCfg = Debug|Any CPU
		{0FC337D7-D04F-4E75-AC2D-95454C3DAE75}.Debug|Any CPU.Build.0 = Debug|Any CPU
		{0FC337D7-D04F-4E75-AC2D-95454C3DAE75}.Release|Any CPU.ActiveCfg = Release|Any CPU
		{0FC337D7-D04F-4E75-AC2D-95454C3DAE75}.Release|Any CPU.Build.0 = Release|Any CPU
	EndGlobalSection
	GlobalSection(SolutionProperties) = preSolution
		HideSolutionNode = FALSE
	EndGlobalSection
	GlobalSection(ExtensibilityGlobals) = postSolution
		SolutionGuid = {3963C62D-138D-4580-AC7F-EA8255440C27}
	EndGlobalSection
	GlobalSection(TeamFoundationVersionControl) = preSolution
		SccNumberOfProjects = 2
		SccEnterpriseProvider = {4CA58AB2-18FA-4F8D-95D4-32DDF27D184C}
		SccTeamFoundationServer = https://cisteam.otc.edu/tfs/fb0864568
		SccLocalPath0 = .
		SccProjectUniqueName1 = AlgorithmCoded\\AlgorithmCoded.csproj
		SccProjectName1 = AlgorithmCoded
		SccLocalPath1 = AlgorithmCoded
	EndGlobalSection
EndGlobal
